
Microsoft Visual Studio Solution File, Format Version 12.00
# Visual Studio Version 17
VisualStudioVersion = 17.0.31903.59
MinimumVisualStudioVersion = 10.0.40219.1
Project("{2150E333-8FDC-42A3-9474-1A3956D46DE8}") = "src", "src", "{FAE4A8BA-16EC-4EE9-A119-521C40D90DF3}"
EndProject
Project("{FAE04EC0-301F-11D3-BF4B-00C04F79EFBC}") = "Nzr.Diagnostics.OperationTagGenerator", "src\Nzr.Diagnostics.OperationTagGenerator\Nzr.Diagnostics.OperationTagGenerator.csproj", "{9893B81C-08E9-4E43-AD78-0979BF769EAF}"
EndProject
Project("{2150E333-8FDC-42A3-9474-1A3956D46DE8}") = "test", "test", "{E821F4B6-2612-4F7B-BD92-054F238A8630}"
EndProject
Project("{FAE04EC0-301F-11D3-BF4B-00C04F79EFBC}") = "Nzr.Diagnostics.OperationTagGenerator.Tests", "test\Nzr.Diagnostics.OperationTagGenerator.Tests\Nzr.Diagnostics.OperationTagGenerator.Tests.csproj", "{51A14640-AD7B-468A-A1BD-0378C1E441A7}"
EndProject
Project("{2150E333-8FDC-42A3-9474-1A3956D46DE8}") = "Solution Items", "Solution Items", "{1830CAE6-8EB2-43E3-8DCB-CF396C86AFC5}"
	ProjectSection(SolutionItems) = preProject
		.editorconfig = .editorconfig
		LICENSE = LICENSE
		README.md = README.md
	EndProjectSection
EndProject
Project("{FAE04EC0-301F-11D3-BF4B-00C04F79EFBC}") = "Nzr.Diagnostics.Testing", "test\Nzr.Diagnostics.Testing\Nzr.Diagnostics.Testing.csproj", "{A9EF7E9A-4D62-4624-86A7-F99DF33A87D6}"
EndProject
Global
	GlobalSection(SolutionConfigurationPlatforms) = preSolution
		Debug|Any CPU = Debug|Any CPU
		Release|Any CPU = Release|Any CPU
	EndGlobalSection
	GlobalSection(ProjectConfigurationPlatforms) = postSolution
		{9893B81C-08E9-4E43-AD78-0979BF769EAF}.Debug|Any CPU.ActiveCfg = Debug|Any CPU
		{9893B81C-08E9-4E43-AD78-0979BF769EAF}.Debug|Any CPU.Build.0 = Debug|Any CPU
		{9893B81C-08E9-4E43-AD78-0979BF769EAF}.Release|Any CPU.ActiveCfg = Release|Any CPU
		{9893B81C-08E9-4E43-AD78-0979BF769EAF}.Release|Any CPU.Build.0 = Release|Any CPU
		{51A14640-AD7B-468A-A1BD-0378C1E441A7}.Debug|Any CPU.ActiveCfg = Debug|Any CPU
		{51A14640-AD7B-468A-A1BD-0378C1E441A7}.Debug|Any CPU.Build.0 = Debug|Any CPU
		{51A14640-AD7B-468A-A1BD-0378C1E441A7}.Release|Any CPU.ActiveCfg = Release|Any CPU
		{51A14640-AD7B-468A-A1BD-0378C1E441A7}.Release|Any CPU.Build.0 = Release|Any CPU
		{A9EF7E9A-4D62-4624-86A7-F99DF33A87D6}.Debug|Any CPU.ActiveCfg = Debug|Any CPU
		{A9EF7E9A-4D62-4624-86A7-F99DF33A87D6}.Debug|Any CPU.Build.0 = Debug|Any CPU
		{A9EF7E9A-4D62-4624-86A7-F99DF33A87D6}.Release|Any CPU.ActiveCfg = Release|Any CPU
		{A9EF7E9A-4D62-4624-86A7-F99DF33A87D6}.Release|Any CPU.Build.0 = Release|Any CPU
	EndGlobalSection
	GlobalSection(SolutionProperties) = preSolution
		HideSolutionNode = FALSE
	EndGlobalSection
	GlobalSection(NestedProjects) = preSolution
		{9893B81C-08E9-4E43-AD78-0979BF769EAF} = {FAE4A8BA-16EC-4EE9-A119-521C40D90DF3}
		{51A14640-AD7B-468A-A1BD-0378C1E441A7} = {E821F4B6-2612-4F7B-BD92-054F238A8630}
		{A9EF7E9A-4D62-4624-86A7-F99DF33A87D6} = {E821F4B6-2612-4F7B-BD92-054F238A8630}
	EndGlobalSection
EndGlobal
